{
  "version": 4,
  "terraform_version": "1.2.3",
  "serial": 25,
  "lineage": "cd48f0b5-ba09-5b03-5ce0-3591499eb13b",
  "outputs": {},
  "resources": [
    {
      "mode": "managed",
      "type": "azurerm_resource_group",
      "name": "ubuntu",
      "provider": "provider[\"registry.terraform.io/hashicorp/azurerm\"]",
      "instances": [
        {
          "schema_version": 0,
          "attributes": {
            "id": "/subscriptions/0cfcfed2-73d5-4c63-bc0c-6f8c4733c83c/resourceGroups/ubuntu-resources",
            "location": "francecentral",
            "name": "ubuntu-resources",
            "tags": {},
            "timeouts": null
          },
          "sensitive_attributes": [],
          "private": "eyJlMmJmYjczMC1lY2FhLTExZTYtOGY4OC0zNDM2M2JjN2M0YzAiOnsiY3JlYXRlIjo1NDAwMDAwMDAwMDAwLCJkZWxldGUiOjU0MDAwMDAwMDAwMDAsInJlYWQiOjMwMDAwMDAwMDAwMCwidXBkYXRlIjo1NDAwMDAwMDAwMDAwfX0="
        }
      ]
    },
    {
      "mode": "managed",
      "type": "azurerm_virtual_network",
      "name": "ubuntu",
      "provider": "provider[\"registry.terraform.io/hashicorp/azurerm\"]",
      "instances": [
        {
          "schema_version": 0,
          "attributes": {
            "address_space": [
              "10.0.0.0/16"
            ],
            "bgp_community": "",
            "ddos_protection_plan": [],
            "dns_servers": [],
            "edge_zone": "",
            "flow_timeout_in_minutes": 0,
            "guid": "526723b2-fd07-4b7b-a922-c666d8327671",
            "id": "/subscriptions/0cfcfed2-73d5-4c63-bc0c-6f8c4733c83c/resourceGroups/ubuntu-resources/providers/Microsoft.Network/virtualNetworks/ubuntu-network",
            "location": "francecentral",
            "name": "ubuntu-network",
            "resource_group_name": "ubuntu-resources",
            "subnet": [
              {
                "address_prefix": "10.0.2.0/24",
                "id": "/subscriptions/0cfcfed2-73d5-4c63-bc0c-6f8c4733c83c/resourceGroups/ubuntu-resources/providers/Microsoft.Network/virtualNetworks/ubuntu-network/subnets/internal",
                "name": "internal",
                "security_group": ""
              },
              {
                "address_prefix": "10.0.3.0/26",
                "id": "/subscriptions/0cfcfed2-73d5-4c63-bc0c-6f8c4733c83c/resourceGroups/ubuntu-resources/providers/Microsoft.Network/virtualNetworks/ubuntu-network/subnets/AzureBastionSubnet",
                "name": "AzureBastionSubnet",
                "security_group": ""
              }
            ],
            "tags": {},
            "timeouts": null
          },
          "sensitive_attributes": [],
          "private": "eyJlMmJmYjczMC1lY2FhLTExZTYtOGY4OC0zNDM2M2JjN2M0YzAiOnsiY3JlYXRlIjoxODAwMDAwMDAwMDAwLCJkZWxldGUiOjE4MDAwMDAwMDAwMDAsInJlYWQiOjMwMDAwMDAwMDAwMCwidXBkYXRlIjoxODAwMDAwMDAwMDAwfX0=",
          "dependencies": [
            "azurerm_resource_group.ubuntu"
          ]
        }
      ]
    }
  ]
}
