{
  "version": 4,
  "terraform_version": "1.2.3",
  "serial": 13,
  "lineage": "cd48f0b5-ba09-5b03-5ce0-3591499eb13b",
  "outputs": {},
  "resources": [
    {
      "mode": "managed",
      "type": "azurerm_linux_virtual_machine",
      "name": "ubuntu",
      "provider": "provider[\"registry.terraform.io/hashicorp/azurerm\"]",
      "instances": [
        {
          "index_key": 0,
          "schema_version": 0,
          "attributes": {
            "additional_capabilities": [],
            "admin_password": null,
            "admin_ssh_key": [
              {
                "public_key": "ssh-rsa AAAAB3NzaC1yc2EAAAADAQABAAABgQDhJFq6ZdoEnGDNQb+umDWvOKRDcZ3rWECyxQV7wAPUTTeubgRaYSKPJ1UfIum8FsAjrbyhDG1Q/ZZGDMUo9qN1fKVgIWTy0ZIkNZhcRYlgfqdqAjPqdJoPC66G0TyJIP6g02rUbOLx3b8mqxQs4pxnWfOMJXtfO+uYPD99o396mJneplYtjiQvDUHSz0M8vC5vStomohMK0pqHsGIgxWH4JVosXv7Gqa5mBRkJYgh/3jFhMC4r9zQC1rfeXKcmmmKx79xKf6iPimtyCZmTQ1X0w/SD7l8giWvFyhPWXKL4bqGcfWKoBXaHXOAT3wNYvPTcJAz4FT31zr3neXSGOqrODp/oZ3Hv3toBf54L9yWmPqKqxdjTIpblc7H/2PvX/+y1/YxHv0ZYeN1sSFmJ3K2A+holPBkjU4ognt0aUXBhtecTYcuUZuHEP1Zv5Gxx31EsvgrOYivojpxsPxjAY7ImnWOjz1TlavWB9e2G20B4dT4Hc8BMDlKVoZ3wQfyjEyU= marmar@marmarPC\r\n",
                "username": "adminuser"
              }
            ],
            "admin_username": "adminuser",
            "allow_extension_operations": true,
            "availability_set_id": "",
            "boot_diagnostics": [],
            "computer_name": "UBUNTU-VM-0",
            "custom_data": null,
            "dedicated_host_group_id": "",
            "dedicated_host_id": "",
            "disable_password_authentication": true,
            "edge_zone": "",
            "encryption_at_host_enabled": false,
            "eviction_policy": "",
            "extensions_time_budget": "PT1H30M",
            "id": "/subscriptions/0cfcfed2-73d5-4c63-bc0c-6f8c4733c83c/resourceGroups/ubuntu-resources/providers/Microsoft.Compute/virtualMachines/UBUNTU-VM-0",
            "identity": [],
            "license_type": "",
            "location": "francecentral",
            "max_bid_price": -1,
            "name": "UBUNTU-VM-0",
            "network_interface_ids": [
              "/subscriptions/0cfcfed2-73d5-4c63-bc0c-6f8c4733c83c/resourceGroups/ubuntu-resources/providers/Microsoft.Network/networkInterfaces/UBUNTU-NIC-0"
            ],
            "os_disk": [
              {
                "caching": "ReadWrite",
                "diff_disk_settings": [],
                "disk_encryption_set_id": "",
                "disk_size_gb": 30,
                "name": "UBUNTU-VM-0_OsDisk_1_d81e018d4a5d47fd9e5c5f854c1a4a16",
                "secure_vm_disk_encryption_set_id": "",
                "security_encryption_type": "",
                "storage_account_type": "Standard_LRS",
                "write_accelerator_enabled": false
              }
            ],
            "patch_mode": "ImageDefault",
            "plan": [],
            "platform_fault_domain": -1,
            "priority": "Regular",
            "private_ip_address": "10.0.2.4",
            "private_ip_addresses": [
              "10.0.2.4"
            ],
            "provision_vm_agent": true,
            "proximity_placement_group_id": "",
            "public_ip_address": "20.111.33.57",
            "public_ip_addresses": [
              "20.111.33.57"
            ],
            "resource_group_name": "ubuntu-resources",
            "secret": [],
            "secure_boot_enabled": false,
            "size": "Standard_DS1_v2",
            "source_image_id": "",
            "source_image_reference": [
              {
                "offer": "UbuntuServer",
                "publisher": "Canonical",
                "sku": "19.04",
                "version": "latest"
              }
            ],
            "tags": null,
            "termination_notification": null,
            "timeouts": null,
            "user_data": "",
            "virtual_machine_id": "308e70f5-a8f2-436c-91a0-eae1533f234a",
            "virtual_machine_scale_set_id": "",
            "vtpm_enabled": false,
            "zone": ""
          },
          "sensitive_attributes": [],
          "private": "eyJlMmJmYjczMC1lY2FhLTExZTYtOGY4OC0zNDM2M2JjN2M0YzAiOnsiY3JlYXRlIjoyNzAwMDAwMDAwMDAwLCJkZWxldGUiOjI3MDAwMDAwMDAwMDAsInJlYWQiOjMwMDAwMDAwMDAwMCwidXBkYXRlIjoyNzAwMDAwMDAwMDAwfX0=",
          "dependencies": [
            "azurerm_network_interface.ubuntu",
            "azurerm_public_ip.ubuntu",
            "azurerm_resource_group.ubuntu",
            "azurerm_subnet.ubuntu",
            "azurerm_virtual_network.ubuntu"
          ]
        },
        {
          "index_key": 1,
          "schema_version": 0,
          "attributes": {
            "additional_capabilities": [],
            "admin_password": null,
            "admin_ssh_key": [
              {
                "public_key": "ssh-rsa AAAAB3NzaC1yc2EAAAADAQABAAABgQDhJFq6ZdoEnGDNQb+umDWvOKRDcZ3rWECyxQV7wAPUTTeubgRaYSKPJ1UfIum8FsAjrbyhDG1Q/ZZGDMUo9qN1fKVgIWTy0ZIkNZhcRYlgfqdqAjPqdJoPC66G0TyJIP6g02rUbOLx3b8mqxQs4pxnWfOMJXtfO+uYPD99o396mJneplYtjiQvDUHSz0M8vC5vStomohMK0pqHsGIgxWH4JVosXv7Gqa5mBRkJYgh/3jFhMC4r9zQC1rfeXKcmmmKx79xKf6iPimtyCZmTQ1X0w/SD7l8giWvFyhPWXKL4bqGcfWKoBXaHXOAT3wNYvPTcJAz4FT31zr3neXSGOqrODp/oZ3Hv3toBf54L9yWmPqKqxdjTIpblc7H/2PvX/+y1/YxHv0ZYeN1sSFmJ3K2A+holPBkjU4ognt0aUXBhtecTYcuUZuHEP1Zv5Gxx31EsvgrOYivojpxsPxjAY7ImnWOjz1TlavWB9e2G20B4dT4Hc8BMDlKVoZ3wQfyjEyU= marmar@marmarPC\r\n",
                "username": "adminuser"
              }
            ],
            "admin_username": "adminuser",
            "allow_extension_operations": true,
            "availability_set_id": "",
            "boot_diagnostics": [],
            "computer_name": "UBUNTU-VM-1",
            "custom_data": null,
            "dedicated_host_group_id": "",
            "dedicated_host_id": "",
            "disable_password_authentication": true,
            "edge_zone": "",
            "encryption_at_host_enabled": false,
            "eviction_policy": "",
            "extensions_time_budget": "PT1H30M",
            "id": "/subscriptions/0cfcfed2-73d5-4c63-bc0c-6f8c4733c83c/resourceGroups/ubuntu-resources/providers/Microsoft.Compute/virtualMachines/UBUNTU-VM-1",
            "identity": [],
            "license_type": "",
            "location": "francecentral",
            "max_bid_price": -1,
            "name": "UBUNTU-VM-1",
            "network_interface_ids": [
              "/subscriptions/0cfcfed2-73d5-4c63-bc0c-6f8c4733c83c/resourceGroups/ubuntu-resources/providers/Microsoft.Network/networkInterfaces/UBUNTU-NIC-1"
            ],
            "os_disk": [
              {
                "caching": "ReadWrite",
                "diff_disk_settings": [],
                "disk_encryption_set_id": "",
                "disk_size_gb": 30,
                "name": "UBUNTU-VM-1_OsDisk_1_b96719d42e8b43329fbbd70e8c3e989c",
                "secure_vm_disk_encryption_set_id": "",
                "security_encryption_type": "",
                "storage_account_type": "Standard_LRS",
                "write_accelerator_enabled": false
              }
            ],
            "patch_mode": "ImageDefault",
            "plan": [],
            "platform_fault_domain": -1,
            "priority": "Regular",
            "private_ip_address": "10.0.2.5",
            "private_ip_addresses": [
              "10.0.2.5"
            ],
            "provision_vm_agent": true,
            "proximity_placement_group_id": "",
            "public_ip_address": "20.111.32.201",
            "public_ip_addresses": [
              "20.111.32.201"
            ],
            "resource_group_name": "ubuntu-resources",
            "secret": [],
            "secure_boot_enabled": false,
            "size": "Standard_DS1_v2",
            "source_image_id": "",
            "source_image_reference": [
              {
                "offer": "UbuntuServer",
                "publisher": "Canonical",
                "sku": "19.04",
                "version": "latest"
              }
            ],
            "tags": null,
            "termination_notification": null,
            "timeouts": null,
            "user_data": "",
            "virtual_machine_id": "9f15ddbb-65e0-4851-affa-df9a6e69d9fc",
            "virtual_machine_scale_set_id": "",
            "vtpm_enabled": false,
            "zone": ""
          },
          "sensitive_attributes": [],
          "private": "eyJlMmJmYjczMC1lY2FhLTExZTYtOGY4OC0zNDM2M2JjN2M0YzAiOnsiY3JlYXRlIjoyNzAwMDAwMDAwMDAwLCJkZWxldGUiOjI3MDAwMDAwMDAwMDAsInJlYWQiOjMwMDAwMDAwMDAwMCwidXBkYXRlIjoyNzAwMDAwMDAwMDAwfX0=",
          "dependencies": [
            "azurerm_network_interface.ubuntu",
            "azurerm_public_ip.ubuntu",
            "azurerm_resource_group.ubuntu",
            "azurerm_subnet.ubuntu",
            "azurerm_virtual_network.ubuntu"
          ]
        }
      ]
    },
    {
      "mode": "managed",
      "type": "azurerm_network_interface",
      "name": "ubuntu",
      "provider": "provider[\"registry.terraform.io/hashicorp/azurerm\"]",
      "instances": [
        {
          "index_key": 0,
          "schema_version": 0,
          "attributes": {
            "applied_dns_servers": [],
            "dns_servers": [],
            "edge_zone": "",
            "enable_accelerated_networking": false,
            "enable_ip_forwarding": false,
            "id": "/subscriptions/0cfcfed2-73d5-4c63-bc0c-6f8c4733c83c/resourceGroups/ubuntu-resources/providers/Microsoft.Network/networkInterfaces/UBUNTU-NIC-0",
            "internal_dns_name_label": "",
            "internal_domain_name_suffix": "wirwouqh5v3uxkjcyztnqmtwob.parx.internal.cloudapp.net",
            "ip_configuration": [
              {
                "gateway_load_balancer_frontend_ip_configuration_id": "",
                "name": "internal",
                "primary": true,
                "private_ip_address": "10.0.2.4",
                "private_ip_address_allocation": "Dynamic",
                "private_ip_address_version": "IPv4",
                "public_ip_address_id": "/subscriptions/0cfcfed2-73d5-4c63-bc0c-6f8c4733c83c/resourceGroups/ubuntu-resources/providers/Microsoft.Network/publicIPAddresses/UBUNTU-VM-NIC-00",
                "subnet_id": "/subscriptions/0cfcfed2-73d5-4c63-bc0c-6f8c4733c83c/resourceGroups/ubuntu-resources/providers/Microsoft.Network/virtualNetworks/ubuntu-network/subnets/internal"
              }
            ],
            "location": "francecentral",
            "mac_address": "",
            "name": "UBUNTU-NIC-0",
            "private_ip_address": "10.0.2.4",
            "private_ip_addresses": [
              "10.0.2.4"
            ],
            "resource_group_name": "ubuntu-resources",
            "tags": null,
            "timeouts": null,
            "virtual_machine_id": ""
          },
          "sensitive_attributes": [],
          "private": "eyJlMmJmYjczMC1lY2FhLTExZTYtOGY4OC0zNDM2M2JjN2M0YzAiOnsiY3JlYXRlIjoxODAwMDAwMDAwMDAwLCJkZWxldGUiOjE4MDAwMDAwMDAwMDAsInJlYWQiOjMwMDAwMDAwMDAwMCwidXBkYXRlIjoxODAwMDAwMDAwMDAwfX0=",
          "dependencies": [
            "azurerm_public_ip.ubuntu",
            "azurerm_resource_group.ubuntu",
            "azurerm_subnet.ubuntu",
            "azurerm_virtual_network.ubuntu"
          ]
        },
        {
          "index_key": 1,
          "schema_version": 0,
          "attributes": {
            "applied_dns_servers": [],
            "dns_servers": [],
            "edge_zone": "",
            "enable_accelerated_networking": false,
            "enable_ip_forwarding": false,
            "id": "/subscriptions/0cfcfed2-73d5-4c63-bc0c-6f8c4733c83c/resourceGroups/ubuntu-resources/providers/Microsoft.Network/networkInterfaces/UBUNTU-NIC-1",
            "internal_dns_name_label": "",
            "internal_domain_name_suffix": "wirwouqh5v3uxkjcyztnqmtwob.parx.internal.cloudapp.net",
            "ip_configuration": [
              {
                "gateway_load_balancer_frontend_ip_configuration_id": "",
                "name": "internal",
                "primary": true,
                "private_ip_address": "10.0.2.5",
                "private_ip_address_allocation": "Dynamic",
                "private_ip_address_version": "IPv4",
                "public_ip_address_id": "/subscriptions/0cfcfed2-73d5-4c63-bc0c-6f8c4733c83c/resourceGroups/ubuntu-resources/providers/Microsoft.Network/publicIPAddresses/UBUNTU-VM-NIC-01",
                "subnet_id": "/subscriptions/0cfcfed2-73d5-4c63-bc0c-6f8c4733c83c/resourceGroups/ubuntu-resources/providers/Microsoft.Network/virtualNetworks/ubuntu-network/subnets/internal"
              }
            ],
            "location": "francecentral",
            "mac_address": "",
            "name": "UBUNTU-NIC-1",
            "private_ip_address": "10.0.2.5",
            "private_ip_addresses": [
              "10.0.2.5"
            ],
            "resource_group_name": "ubuntu-resources",
            "tags": null,
            "timeouts": null,
            "virtual_machine_id": ""
          },
          "sensitive_attributes": [],
          "private": "eyJlMmJmYjczMC1lY2FhLTExZTYtOGY4OC0zNDM2M2JjN2M0YzAiOnsiY3JlYXRlIjoxODAwMDAwMDAwMDAwLCJkZWxldGUiOjE4MDAwMDAwMDAwMDAsInJlYWQiOjMwMDAwMDAwMDAwMCwidXBkYXRlIjoxODAwMDAwMDAwMDAwfX0=",
          "dependencies": [
            "azurerm_public_ip.ubuntu",
            "azurerm_resource_group.ubuntu",
            "azurerm_subnet.ubuntu",
            "azurerm_virtual_network.ubuntu"
          ]
        }
      ]
    },
    {
      "mode": "managed",
      "type": "azurerm_network_interface_security_group_association",
      "name": "ubuntu",
      "provider": "provider[\"registry.terraform.io/hashicorp/azurerm\"]",
      "instances": [
        {
          "index_key": 0,
          "schema_version": 0,
          "attributes": {
            "id": "/subscriptions/0cfcfed2-73d5-4c63-bc0c-6f8c4733c83c/resourceGroups/ubuntu-resources/providers/Microsoft.Network/networkInterfaces/UBUNTU-NIC-0|/subscriptions/0cfcfed2-73d5-4c63-bc0c-6f8c4733c83c/resourceGroups/ubuntu-resources/providers/Microsoft.Network/networkSecurityGroups/ubuntu-security-group1",
            "network_interface_id": "/subscriptions/0cfcfed2-73d5-4c63-bc0c-6f8c4733c83c/resourceGroups/ubuntu-resources/providers/Microsoft.Network/networkInterfaces/UBUNTU-NIC-0",
            "network_security_group_id": "/subscriptions/0cfcfed2-73d5-4c63-bc0c-6f8c4733c83c/resourceGroups/ubuntu-resources/providers/Microsoft.Network/networkSecurityGroups/ubuntu-security-group1",
            "timeouts": null
          },
          "sensitive_attributes": [],
          "private": "eyJlMmJmYjczMC1lY2FhLTExZTYtOGY4OC0zNDM2M2JjN2M0YzAiOnsiY3JlYXRlIjoxODAwMDAwMDAwMDAwLCJkZWxldGUiOjE4MDAwMDAwMDAwMDAsInJlYWQiOjMwMDAwMDAwMDAwMCwidXBkYXRlIjoxODAwMDAwMDAwMDAwfX0=",
          "dependencies": [
            "azurerm_network_interface.ubuntu",
            "azurerm_network_security_group.ubuntu",
            "azurerm_public_ip.ubuntu",
            "azurerm_resource_group.ubuntu",
            "azurerm_subnet.ubuntu",
            "azurerm_virtual_network.ubuntu"
          ]
        },
        {
          "index_key": 1,
          "schema_version": 0,
          "attributes": {
            "id": "/subscriptions/0cfcfed2-73d5-4c63-bc0c-6f8c4733c83c/resourceGroups/ubuntu-resources/providers/Microsoft.Network/networkInterfaces/UBUNTU-NIC-1|/subscriptions/0cfcfed2-73d5-4c63-bc0c-6f8c4733c83c/resourceGroups/ubuntu-resources/providers/Microsoft.Network/networkSecurityGroups/ubuntu-security-group1",
            "network_interface_id": "/subscriptions/0cfcfed2-73d5-4c63-bc0c-6f8c4733c83c/resourceGroups/ubuntu-resources/providers/Microsoft.Network/networkInterfaces/UBUNTU-NIC-1",
            "network_security_group_id": "/subscriptions/0cfcfed2-73d5-4c63-bc0c-6f8c4733c83c/resourceGroups/ubuntu-resources/providers/Microsoft.Network/networkSecurityGroups/ubuntu-security-group1",
            "timeouts": null
          },
          "sensitive_attributes": [],
          "private": "eyJlMmJmYjczMC1lY2FhLTExZTYtOGY4OC0zNDM2M2JjN2M0YzAiOnsiY3JlYXRlIjoxODAwMDAwMDAwMDAwLCJkZWxldGUiOjE4MDAwMDAwMDAwMDAsInJlYWQiOjMwMDAwMDAwMDAwMCwidXBkYXRlIjoxODAwMDAwMDAwMDAwfX0=",
          "dependencies": [
            "azurerm_network_interface.ubuntu",
            "azurerm_network_security_group.ubuntu",
            "azurerm_public_ip.ubuntu",
            "azurerm_resource_group.ubuntu",
            "azurerm_subnet.ubuntu",
            "azurerm_virtual_network.ubuntu"
          ]
        }
      ]
    },
    {
      "mode": "managed",
      "type": "azurerm_network_security_group",
      "name": "ubuntu",
      "provider": "provider[\"registry.terraform.io/hashicorp/azurerm\"]",
      "instances": [
        {
          "schema_version": 0,
          "attributes": {
            "id": "/subscriptions/0cfcfed2-73d5-4c63-bc0c-6f8c4733c83c/resourceGroups/ubuntu-resources/providers/Microsoft.Network/networkSecurityGroups/ubuntu-security-group1",
            "location": "francecentral",
            "name": "ubuntu-security-group1",
            "resource_group_name": "ubuntu-resources",
            "security_rule": [
              {
                "access": "Allow",
                "description": "",
                "destination_address_prefix": "*",
                "destination_address_prefixes": [],
                "destination_application_security_group_ids": [],
                "destination_port_range": "22",
                "destination_port_ranges": [],
                "direction": "Inbound",
                "name": "ssh",
                "priority": 100,
                "protocol": "Tcp",
                "source_address_prefix": "*",
                "source_address_prefixes": [],
                "source_application_security_group_ids": [],
                "source_port_range": "*",
                "source_port_ranges": []
              }
            ],
            "tags": {
              "environment": "Production"
            },
            "timeouts": null
          },
          "sensitive_attributes": [],
          "private": "eyJlMmJmYjczMC1lY2FhLTExZTYtOGY4OC0zNDM2M2JjN2M0YzAiOnsiY3JlYXRlIjoxODAwMDAwMDAwMDAwLCJkZWxldGUiOjE4MDAwMDAwMDAwMDAsInJlYWQiOjMwMDAwMDAwMDAwMCwidXBkYXRlIjoxODAwMDAwMDAwMDAwfX0=",
          "dependencies": [
            "azurerm_resource_group.ubuntu"
          ]
        }
      ]
    },
    {
      "mode": "managed",
      "type": "azurerm_public_ip",
      "name": "ubuntu",
      "provider": "provider[\"registry.terraform.io/hashicorp/azurerm\"]",
      "instances": [
        {
          "index_key": 0,
          "schema_version": 0,
          "attributes": {
            "allocation_method": "Dynamic",
            "domain_name_label": null,
            "edge_zone": "",
            "fqdn": null,
            "id": "/subscriptions/0cfcfed2-73d5-4c63-bc0c-6f8c4733c83c/resourceGroups/ubuntu-resources/providers/Microsoft.Network/publicIPAddresses/UBUNTU-VM-NIC-00",
            "idle_timeout_in_minutes": 4,
            "ip_address": "",
            "ip_tags": null,
            "ip_version": "IPv4",
            "location": "francecentral",
            "name": "UBUNTU-VM-NIC-00",
            "public_ip_prefix_id": null,
            "resource_group_name": "ubuntu-resources",
            "reverse_fqdn": null,
            "sku": "Basic",
            "sku_tier": "Regional",
            "tags": {
              "environment": "Production"
            },
            "timeouts": null,
            "zones": null
          },
          "sensitive_attributes": [],
          "private": "eyJlMmJmYjczMC1lY2FhLTExZTYtOGY4OC0zNDM2M2JjN2M0YzAiOnsiY3JlYXRlIjoxODAwMDAwMDAwMDAwLCJkZWxldGUiOjE4MDAwMDAwMDAwMDAsInJlYWQiOjMwMDAwMDAwMDAwMCwidXBkYXRlIjoxODAwMDAwMDAwMDAwfX0=",
          "dependencies": [
            "azurerm_resource_group.ubuntu"
          ]
        },
        {
          "index_key": 1,
          "schema_version": 0,
          "attributes": {
            "allocation_method": "Dynamic",
            "domain_name_label": null,
            "edge_zone": "",
            "fqdn": null,
            "id": "/subscriptions/0cfcfed2-73d5-4c63-bc0c-6f8c4733c83c/resourceGroups/ubuntu-resources/providers/Microsoft.Network/publicIPAddresses/UBUNTU-VM-NIC-01",
            "idle_timeout_in_minutes": 4,
            "ip_address": "",
            "ip_tags": null,
            "ip_version": "IPv4",
            "location": "francecentral",
            "name": "UBUNTU-VM-NIC-01",
            "public_ip_prefix_id": null,
            "resource_group_name": "ubuntu-resources",
            "reverse_fqdn": null,
            "sku": "Basic",
            "sku_tier": "Regional",
            "tags": {
              "environment": "Production"
            },
            "timeouts": null,
            "zones": null
          },
          "sensitive_attributes": [],
          "private": "eyJlMmJmYjczMC1lY2FhLTExZTYtOGY4OC0zNDM2M2JjN2M0YzAiOnsiY3JlYXRlIjoxODAwMDAwMDAwMDAwLCJkZWxldGUiOjE4MDAwMDAwMDAwMDAsInJlYWQiOjMwMDAwMDAwMDAwMCwidXBkYXRlIjoxODAwMDAwMDAwMDAwfX0=",
          "dependencies": [
            "azurerm_resource_group.ubuntu"
          ]
        }
      ]
    },
    {
      "mode": "managed",
      "type": "azurerm_resource_group",
      "name": "ubuntu",
      "provider": "provider[\"registry.terraform.io/hashicorp/azurerm\"]",
      "instances": [
        {
          "schema_version": 0,
          "attributes": {
            "id": "/subscriptions/0cfcfed2-73d5-4c63-bc0c-6f8c4733c83c/resourceGroups/ubuntu-resources",
            "location": "francecentral",
            "name": "ubuntu-resources",
            "tags": null,
            "timeouts": null
          },
          "sensitive_attributes": [],
          "private": "eyJlMmJmYjczMC1lY2FhLTExZTYtOGY4OC0zNDM2M2JjN2M0YzAiOnsiY3JlYXRlIjo1NDAwMDAwMDAwMDAwLCJkZWxldGUiOjU0MDAwMDAwMDAwMDAsInJlYWQiOjMwMDAwMDAwMDAwMCwidXBkYXRlIjo1NDAwMDAwMDAwMDAwfX0="
        }
      ]
    },
    {
      "mode": "managed",
      "type": "azurerm_subnet",
      "name": "ubuntu",
      "provider": "provider[\"registry.terraform.io/hashicorp/azurerm\"]",
      "instances": [
        {
          "schema_version": 0,
          "attributes": {
            "address_prefixes": [
              "10.0.2.0/24"
            ],
            "delegation": [],
            "enforce_private_link_endpoint_network_policies": false,
            "enforce_private_link_service_network_policies": false,
            "id": "/subscriptions/0cfcfed2-73d5-4c63-bc0c-6f8c4733c83c/resourceGroups/ubuntu-resources/providers/Microsoft.Network/virtualNetworks/ubuntu-network/subnets/internal",
            "name": "internal",
            "resource_group_name": "ubuntu-resources",
            "service_endpoint_policy_ids": null,
            "service_endpoints": null,
            "timeouts": null,
            "virtual_network_name": "ubuntu-network"
          },
          "sensitive_attributes": [],
          "private": "eyJlMmJmYjczMC1lY2FhLTExZTYtOGY4OC0zNDM2M2JjN2M0YzAiOnsiY3JlYXRlIjoxODAwMDAwMDAwMDAwLCJkZWxldGUiOjE4MDAwMDAwMDAwMDAsInJlYWQiOjMwMDAwMDAwMDAwMCwidXBkYXRlIjoxODAwMDAwMDAwMDAwfX0=",
          "dependencies": [
            "azurerm_resource_group.ubuntu",
            "azurerm_virtual_network.ubuntu"
          ]
        }
      ]
    },
    {
      "mode": "managed",
      "type": "azurerm_virtual_network",
      "name": "ubuntu",
      "provider": "provider[\"registry.terraform.io/hashicorp/azurerm\"]",
      "instances": [
        {
          "schema_version": 0,
          "attributes": {
            "address_space": [
              "10.0.0.0/16"
            ],
            "bgp_community": "",
            "ddos_protection_plan": [],
            "dns_servers": [],
            "edge_zone": "",
            "flow_timeout_in_minutes": 0,
            "guid": "526723b2-fd07-4b7b-a922-c666d8327671",
            "id": "/subscriptions/0cfcfed2-73d5-4c63-bc0c-6f8c4733c83c/resourceGroups/ubuntu-resources/providers/Microsoft.Network/virtualNetworks/ubuntu-network",
            "location": "francecentral",
            "name": "ubuntu-network",
            "resource_group_name": "ubuntu-resources",
            "subnet": [],
            "tags": null,
            "timeouts": null
          },
          "sensitive_attributes": [],
          "private": "eyJlMmJmYjczMC1lY2FhLTExZTYtOGY4OC0zNDM2M2JjN2M0YzAiOnsiY3JlYXRlIjoxODAwMDAwMDAwMDAwLCJkZWxldGUiOjE4MDAwMDAwMDAwMDAsInJlYWQiOjMwMDAwMDAwMDAwMCwidXBkYXRlIjoxODAwMDAwMDAwMDAwfX0=",
          "dependencies": [
            "azurerm_resource_group.ubuntu"
          ]
        }
      ]
    }
  ]
}
